{
  "name": "payment-gateway",
  "version": "0.0.0",
  "lockfileVersion": 1,
  "requires": true,
  "dependencies": {
    "card-validator": {
      "version": "8.1.0",
      "resolved": "https://registry.npmjs.org/card-validator/-/card-validator-8.1.0.tgz",
      "integrity": "sha512-KlWjnGs6DyxRj9DLGPv+sb7AvU9Y6Od7DJWjnTghzplzsKz/vTYqRMK46xO/BCpHNqvnFNNVbSQa1vBFJ+/o8g==",
      "requires": {
        "credit-card-type": "^9.0.0"
      }
    },
    "credit-card-type": {
      "version": "9.1.0",
      "resolved": "https://registry.npmjs.org/credit-card-type/-/credit-card-type-9.1.0.tgz",
      "integrity": "sha512-CpNFuLxiPFxuZqhSKml3M+t0K/484pMAnfYWH14JoD7OZMnmC0Lmo+P7JX9SobqFpRoo7ifA18kOHdxJywYPEA=="
    }
  }
}
